
Microsoft Visual Studio Solution File, Format Version 12.00
# Visual Studio Version 17
VisualStudioVersion = 17.14.37516.0
MinimumVisualStudioVersion = 10.0.40219.1
Project("{FAE04EC0-301F-11D3-BF4B-00C04F79EFBC}") = "MEAI.FileClassificationWatcher", "MEAI.FileClassificationWatcher\MEAI.FileClassificationWatcher.csproj", "{2E079DDE-92C3-4303-B7CD-270E634B3038}"
EndProject
Project("{54435603-DBB4-11D2-8724-00A0C9A8B90C}") = "MEAI.FileClassificationWatcher.Setup", "MEAI.FileClassificationWatcher.Setup\MEAI.FileClassificationWatcher.Setup.vdproj", "{8078E44C-C55F-E0B1-DED1-46321BE2D174}"
EndProject
Global
	GlobalSection(SolutionConfigurationPlatforms) = preSolution
		Debug|Any CPU = Debug|Any CPU
		Release|Any CPU = Release|Any CPU
	EndGlobalSection
	GlobalSection(ProjectConfigurationPlatforms) = postSolution
		{2E079DDE-92C3-4303-B7CD-270E634B3038}.Debug|Any CPU.ActiveCfg = Debug|Any CPU
		{2E079DDE-92C3-4303-B7CD-270E634B3038}.Debug|Any CPU.Build.0 = Debug|Any CPU
		{2E079DDE-92C3-4303-B7CD-270E634B3038}.Release|Any CPU.ActiveCfg = Release|Any CPU
		{2E079DDE-92C3-4303-B7CD-270E634B3038}.Release|Any CPU.Build.0 = Release|Any CPU
		{8078E44C-C55F-E0B1-DED1-46321BE2D174}.Debug|Any CPU.ActiveCfg = Debug
		{8078E44C-C55F-E0B1-DED1-46321BE2D174}.Release|Any CPU.ActiveCfg = Release
	EndGlobalSection
	GlobalSection(SolutionProperties) = preSolution
		HideSolutionNode = FALSE
	EndGlobalSection
	GlobalSection(ExtensibilityGlobals) = postSolution
		SolutionGuid = {B2236C8F-8128-409C-BA5A-88439F6D69DE}
	EndGlobalSection
EndGlobal
